
Microsoft Visual Studio Solution File, Format Version 11.00
# Visual Studio 2010
Project("{FAE04EC0-301F-11D3-BF4B-00C04F79EFBC}") = "Sage.SalesLogix.Migration", "Sage.SalesLogix.Migration.csproj", "{3F841CEB-6326-4199-B6EE-9D2B9D1A092F}"
EndProject
Project("{FAE04EC0-301F-11D3-BF4B-00C04F79EFBC}") = "Sage.SalesLogix.Migration.Forms", "Forms\Sage.SalesLogix.Migration.Forms.csproj", "{1E7A131E-5BCA-480B-8B4F-83208D096732}"
EndProject
Project("{FAE04EC0-301F-11D3-BF4B-00C04F79EFBC}") = "Sage.SalesLogix.Migration.Script", "Script\Sage.SalesLogix.Migration.Script.csproj", "{701070B0-4F26-434F-A64D-41C541EB853D}"
EndProject
Project("{FAE04EC0-301F-11D3-BF4B-00C04F79EFBC}") = "Sage.SalesLogix.Migration.Tests", "Test\Sage.SalesLogix.Migration.Tests.csproj", "{13D1F44C-9F20-444F-975F-68E7F486DE8C}"
EndProject
Project("{FAE04EC0-301F-11D3-BF4B-00C04F79EFBC}") = "Sage.SalesLogix.Migration.Module", "Module\Sage.SalesLogix.Migration.Module.csproj", "{B680B1FD-DC13-4518-9F5A-E0BAD54B5439}"
EndProject
Project("{911E67C6-3D85-4FCE-B560-20A9C3E3FF48}") = "SageAppArchitect", "..\..\..\Debug\SageAppArchitect.exe", "{F33BA1CA-4D16-4B97-A17E-5B5AA562A947}"
	ProjectSection(DebuggerProjectSystem) = preProject
		PortSupplier = 00000000-0000-0000-0000-000000000000
		Executable = S:\SlxDev\Gobi\SLXNeo\Debug\SageAppArchitect.exe
		RemoteMachine = JPWIN7VM
		StartingDirectory = S:\SlxDev\Gobi\SLXNeo\Debug
		Environment = Default
		LaunchingEngine = 00000000-0000-0000-0000-000000000000
		LaunchSQLEngine = No
		AttachLaunchAction = No
	EndProjectSection
EndProject
Global
	GlobalSection(SolutionConfigurationPlatforms) = preSolution
		Debug|Any CPU = Debug|Any CPU
		Release|Any CPU = Release|Any CPU
	EndGlobalSection
	GlobalSection(ProjectConfigurationPlatforms) = postSolution
		{3F841CEB-6326-4199-B6EE-9D2B9D1A092F}.Debug|Any CPU.ActiveCfg = Debug|Any CPU
		{3F841CEB-6326-4199-B6EE-9D2B9D1A092F}.Debug|Any CPU.Build.0 = Debug|Any CPU
		{3F841CEB-6326-4199-B6EE-9D2B9D1A092F}.Release|Any CPU.ActiveCfg = Release|Any CPU
		{3F841CEB-6326-4199-B6EE-9D2B9D1A092F}.Release|Any CPU.Build.0 = Release|Any CPU
		{1E7A131E-5BCA-480B-8B4F-83208D096732}.Debug|Any CPU.ActiveCfg = Debug|Any CPU
		{1E7A131E-5BCA-480B-8B4F-83208D096732}.Debug|Any CPU.Build.0 = Debug|Any CPU
		{1E7A131E-5BCA-480B-8B4F-83208D096732}.Release|Any CPU.ActiveCfg = Release|Any CPU
		{1E7A131E-5BCA-480B-8B4F-83208D096732}.Release|Any CPU.Build.0 = Release|Any CPU
		{701070B0-4F26-434F-A64D-41C541EB853D}.Debug|Any CPU.ActiveCfg = Debug|Any CPU
		{701070B0-4F26-434F-A64D-41C541EB853D}.Debug|Any CPU.Build.0 = Debug|Any CPU
		{701070B0-4F26-434F-A64D-41C541EB853D}.Release|Any CPU.ActiveCfg = Release|Any CPU
		{701070B0-4F26-434F-A64D-41C541EB853D}.Release|Any CPU.Build.0 = Release|Any CPU
		{13D1F44C-9F20-444F-975F-68E7F486DE8C}.Debug|Any CPU.ActiveCfg = Debug|Any CPU
		{13D1F44C-9F20-444F-975F-68E7F486DE8C}.Debug|Any CPU.Build.0 = Debug|Any CPU
		{13D1F44C-9F20-444F-975F-68E7F486DE8C}.Release|Any CPU.ActiveCfg = Release|Any CPU
		{13D1F44C-9F20-444F-975F-68E7F486DE8C}.Release|Any CPU.Build.0 = Release|Any CPU
		{B680B1FD-DC13-4518-9F5A-E0BAD54B5439}.Debug|Any CPU.ActiveCfg = Debug|Any CPU
		{B680B1FD-DC13-4518-9F5A-E0BAD54B5439}.Debug|Any CPU.Build.0 = Debug|Any CPU
		{B680B1FD-DC13-4518-9F5A-E0BAD54B5439}.Release|Any CPU.ActiveCfg = Release|Any CPU
		{B680B1FD-DC13-4518-9F5A-E0BAD54B5439}.Release|Any CPU.Build.0 = Release|Any CPU
		{F33BA1CA-4D16-4B97-A17E-5B5AA562A947}.Debug|Any CPU.ActiveCfg = Debug
		{F33BA1CA-4D16-4B97-A17E-5B5AA562A947}.Release|Any CPU.ActiveCfg = Debug
	EndGlobalSection
	GlobalSection(SolutionProperties) = preSolution
		HideSolutionNode = FALSE
	EndGlobalSection
	GlobalSection(TextTemplating) = postSolution
		TextTemplating = 1
	EndGlobalSection
EndGlobal
